
Microsoft Visual Studio Solution File, Format Version 12.00
# Visual Studio Version 16
VisualStudioVersion = 16.0.30907.101
MinimumVisualStudioVersion = 10.0.40219.1
Project("{FAE04EC0-301F-11D3-BF4B-00C04F79EFBC}") = "Inheritance Basic", "Inheritance Basic\Inheritance Basic.csproj", "{034BE0C1-0995-4178-9C0D-43918D4F9252}"
EndProject
Global
	GlobalSection(SolutionConfigurationPlatforms) = preSolution
		Debug|Any CPU = Debug|Any CPU
		Release|Any CPU = Release|Any CPU
	EndGlobalSection
	GlobalSection(ProjectConfigurationPlatforms) = postSolution
		{034BE0C1-0995-4178-9C0D-43918D4F9252}.Debug|Any CPU.ActiveCfg = Debug|Any CPU
		{034BE0C1-0995-4178-9C0D-43918D4F9252}.Debug|Any CPU.Build.0 = Debug|Any CPU
		{034BE0C1-0995-4178-9C0D-43918D4F9252}.Release|Any CPU.ActiveCfg = Release|Any CPU
		{034BE0C1-0995-4178-9C0D-43918D4F9252}.Release|Any CPU.Build.0 = Release|Any CPU
	EndGlobalSection
	GlobalSection(SolutionProperties) = preSolution
		HideSolutionNode = FALSE
	EndGlobalSection
	GlobalSection(ExtensibilityGlobals) = postSolution
		SolutionGuid = {69C5C44E-C24C-4790-B3EA-FB3037F2FCC6}
	EndGlobalSection
EndGlobal
