
Microsoft Visual Studio Solution File, Format Version 12.00
# Visual Studio Version 16
VisualStudioVersion = 16.0.31025.194
MinimumVisualStudioVersion = 10.0.40219.1
Project("{FAE04EC0-301F-11D3-BF4B-00C04F79EFBC}") = "arraybasic", "arraybasic\arraybasic.csproj", "{ED6B749C-6602-4B79-82CE-9023E4109305}"
EndProject
Global
	GlobalSection(SolutionConfigurationPlatforms) = preSolution
		Debug|Any CPU = Debug|Any CPU
		Release|Any CPU = Release|Any CPU
	EndGlobalSection
	GlobalSection(ProjectConfigurationPlatforms) = postSolution
		{ED6B749C-6602-4B79-82CE-9023E4109305}.Debug|Any CPU.ActiveCfg = Debug|Any CPU
		{ED6B749C-6602-4B79-82CE-9023E4109305}.Debug|Any CPU.Build.0 = Debug|Any CPU
		{ED6B749C-6602-4B79-82CE-9023E4109305}.Release|Any CPU.ActiveCfg = Release|Any CPU
		{ED6B749C-6602-4B79-82CE-9023E4109305}.Release|Any CPU.Build.0 = Release|Any CPU
	EndGlobalSection
	GlobalSection(SolutionProperties) = preSolution
		HideSolutionNode = FALSE
	EndGlobalSection
	GlobalSection(ExtensibilityGlobals) = postSolution
		SolutionGuid = {56CD7049-1F3C-41A4-A74C-98CEC316BC98}
	EndGlobalSection
EndGlobal
